
Microsoft Visual Studio Solution File, Format Version 12.00
# Visual Studio Version 17
VisualStudioVersion = 17.2.32630.192
MinimumVisualStudioVersion = 10.0.40219.1
Project("{9A19103F-16F7-4668-BE54-9A1E7A4F7556}") = "Vyntix.Fred.FredClient", "Vyntix.Fred.FredClient\Vyntix.Fred.FredClient.csproj", "{24222E92-4784-422B-84AF-F35FD57F3E96}"
EndProject
Project("{9A19103F-16F7-4668-BE54-9A1E7A4F7556}") = "Vyntix.Fred.FredClient.Tests", "Vyntix.Fred.FredClient.Tests\Vyntix.Fred.FredClient.Tests.csproj", "{DE180D70-D2AC-4E21-9D3A-5BF7339A34CC}"
EndProject
Global
	GlobalSection(SolutionConfigurationPlatforms) = preSolution
		Debug|Any CPU = Debug|Any CPU
		Release|Any CPU = Release|Any CPU
	EndGlobalSection
	GlobalSection(ProjectConfigurationPlatforms) = postSolution
		{24222E92-4784-422B-84AF-F35FD57F3E96}.Debug|Any CPU.ActiveCfg = Debug|Any CPU
		{24222E92-4784-422B-84AF-F35FD57F3E96}.Debug|Any CPU.Build.0 = Debug|Any CPU
		{24222E92-4784-422B-84AF-F35FD57F3E96}.Release|Any CPU.ActiveCfg = Release|Any CPU
		{24222E92-4784-422B-84AF-F35FD57F3E96}.Release|Any CPU.Build.0 = Release|Any CPU
		{DE180D70-D2AC-4E21-9D3A-5BF7339A34CC}.Debug|Any CPU.ActiveCfg = Debug|Any CPU
		{DE180D70-D2AC-4E21-9D3A-5BF7339A34CC}.Debug|Any CPU.Build.0 = Debug|Any CPU
		{DE180D70-D2AC-4E21-9D3A-5BF7339A34CC}.Release|Any CPU.ActiveCfg = Release|Any CPU
		{DE180D70-D2AC-4E21-9D3A-5BF7339A34CC}.Release|Any CPU.Build.0 = Release|Any CPU
	EndGlobalSection
	GlobalSection(SolutionProperties) = preSolution
		HideSolutionNode = FALSE
	EndGlobalSection
	GlobalSection(ExtensibilityGlobals) = postSolution
		SolutionGuid = {346812F2-F4F4-4F71-9755-8BD983EDFF9C}
	EndGlobalSection
EndGlobal
